{
  "requires": true,
  "lockfileVersion": 1,
  "dependencies": {
    "@assemblyscript/loader": {
      "version": "0.18.7",
      "resolved": "https://artifacts.netflix.com/api/npm/npm-netflix/@assemblyscript/loader/-/loader-0.18.7.tgz",
      "integrity": "sha1-o7r6YudH3cjXdUnFKIzXbql2xqA="
    },
    "assemblyscript": {
      "version": "0.18.7",
      "resolved": "https://artifacts.netflix.com/api/npm/npm-netflix/assemblyscript/-/assemblyscript-0.18.7.tgz",
      "integrity": "sha1-tV9EKf82J88xL0c1Uht9xSQ5nMU=",
      "dev": true,
      "requires": {
        "binaryen": "98.0.0-nightly.20210106",
        "long": "^4.0.0"
      }
    },
    "binaryen": {
      "version": "98.0.0-nightly.20210106",
      "resolved": "https://artifacts.netflix.com/api/npm/npm-netflix/binaryen/-/binaryen-98.0.0-nightly.20210106.tgz",
      "integrity": "sha1-x7xjfiIjqDvzyunZiWn1ae+rQGI=",
      "dev": true
    },
    "long": {
      "version": "4.0.0",
      "resolved": "https://artifacts.netflix.com/api/npm/npm-netflix/long/-/long-4.0.0.tgz",
      "integrity": "sha1-mntxz7fTYaGU6lVSQckvdGjVvyg=",
      "dev": true
    }
  }
}
